{
  "name": "serverless-vpc-plugin-with-rds-postgres",
  "version": "1.0.0",
  "lockfileVersion": 2,
  "requires": true,
  "packages": {
    "": {
      "name": "serverless-vpc-plugin-with-rds-postgres",
      "version": "1.0.0",
      "license": "MIT",
      "devDependencies": {
        "serverless": "^4.43.0",
        "serverless-vpc-plugin": "^1.0.6"
      }
    },
    "node_modules/bignumber.js": {
      "version": "7.2.1",
      "resolved": "https://registry.npmjs.org/bignumber.js/-/bignumber.js-7.2.1.tgz",
      "integrity": "sha512-S4XzBk5sMB+Rcb/LNcpzXr57VRTxgAvaAEDAl1AwRx27j00hT84O6OkteE7u8UB3NuaaygCRrEpqox4uDOrbdQ==",
      "dev": true,
      "engines": {
        "node": "*"
      }
    },
    "node_modules/cidr-split": {
      "version": "0.1.2",
      "resolved": "https://registry.npmjs.org/cidr-split/-/cidr-split-0.1.2.tgz",
      "integrity": "sha512-kGtEi2XkWDPZJrIASRgwIW7VauA7i5bc7GBt06I4XQJPIRjbD0QtKr2HzW1FsRxIGi+IaGta98r2BvwU1uWmNQ==",
      "dev": true,
      "dependencies": {
        "bignumber.js": "7.2.1"
      }
    },
    "node_modules/serverless": {
      "version": "4.43.0",
      "resolved": "https://registry.npmjs.org/serverless/-/serverless-4.43.0.tgz",
      "integrity": "sha512-ukk3LARQ89Cn2phMyIrwabfy3rx3IoENWKvDY3Cyj4tGJOMv9XAkxgnx8n71jDaG+ijOxBXyPBL72jTkPPju0w==",
      "dev": true,
      "hasInstallScript": true,
      "dependencies": {
        "undici": "6.28.1"
      },
      "bin": {
        "serverless": "run.js",
        "sls": "run.js"
      },
      "engines": {
        "node": ">=18.17.0"
      }
    },
    "node_modules/serverless-vpc-plugin": {
      "version": "1.0.6",
      "resolved": "https://registry.npmjs.org/serverless-vpc-plugin/-/serverless-vpc-plugin-1.0.6.tgz",
      "integrity": "sha512-3x5Yo5XLduQm1QpPuG37bMqE7cB+/zz/k9oESaETvSmOvi+doWgfS5wTXAvwqt9xgHdb8lK6onQh7vGAGJwTww==",
      "dev": true,
      "dependencies": {
        "cidr-split": "0.1.2"
      },
      "engines": {
        "node": ">=12.0"
      }
    },
    "node_modules/undici": {
      "version": "6.28.1",
      "resolved": "https://registry.npmjs.org/undici/-/undici-6.28.1.tgz",
      "integrity": "sha512-zWpdTVD54H48CIybL0rWQ3ukpb9d23wM7eH5RtfdmeP70cWHNjtfo7P4vZX+5CoDcO53J4Pu5uXp7lNfjc6DRA==",
      "dev": true,
      "license": "MIT",
      "engines": {
        "node": ">=18.17"
      }
    }
  },
  "dependencies": {
    "bignumber.js": {
      "version": "7.2.1",
      "resolved": "https://registry.npmjs.org/bignumber.js/-/bignumber.js-7.2.1.tgz",
      "integrity": "sha512-S4XzBk5sMB+Rcb/LNcpzXr57VRTxgAvaAEDAl1AwRx27j00hT84O6OkteE7u8UB3NuaaygCRrEpqox4uDOrbdQ==",
      "dev": true
    },
    "cidr-split": {
      "version": "0.1.2",
      "resolved": "https://registry.npmjs.org/cidr-split/-/cidr-split-0.1.2.tgz",
      "integrity": "sha512-kGtEi2XkWDPZJrIASRgwIW7VauA7i5bc7GBt06I4XQJPIRjbD0QtKr2HzW1FsRxIGi+IaGta98r2BvwU1uWmNQ==",
      "dev": true,
      "requires": {
        "bignumber.js": "7.2.1"
      }
    },
    "serverless": {
      "version": "4.43.0",
      "resolved": "https://registry.npmjs.org/serverless/-/serverless-4.43.0.tgz",
      "integrity": "sha512-ukk3LARQ89Cn2phMyIrwabfy3rx3IoENWKvDY3Cyj4tGJOMv9XAkxgnx8n71jDaG+ijOxBXyPBL72jTkPPju0w==",
      "dev": true,
      "requires": {
        "undici": "6.28.1"
      }
    },
    "serverless-vpc-plugin": {
      "version": "1.0.6",
      "resolved": "https://registry.npmjs.org/serverless-vpc-plugin/-/serverless-vpc-plugin-1.0.6.tgz",
      "integrity": "sha512-3x5Yo5XLduQm1QpPuG37bMqE7cB+/zz/k9oESaETvSmOvi+doWgfS5wTXAvwqt9xgHdb8lK6onQh7vGAGJwTww==",
      "dev": true,
      "requires": {
        "cidr-split": "0.1.2"
      }
    },
    "undici": {
      "version": "6.28.1",
      "resolved": "https://registry.npmjs.org/undici/-/undici-6.28.1.tgz",
      "integrity": "sha512-zWpdTVD54H48CIybL0rWQ3ukpb9d23wM7eH5RtfdmeP70cWHNjtfo7P4vZX+5CoDcO53J4Pu5uXp7lNfjc6DRA==",
      "dev": true
    }
  }
}
