{
  "name": "nan-appsync-nodejs",
  "version": "1.0.0",
  "lockfileVersion": 2,
  "requires": true,
  "packages": {
    "": {
      "name": "nan-appsync-nodejs",
      "version": "1.0.0",
      "license": "MIT",
      "devDependencies": {
        "@types/aws-lambda": "^8.10.102",
        "graphql": "^16.6.0",
        "serverless": "^4.43.0",
        "typescript": "^5.9.3"
      }
    },
    "node_modules/@types/aws-lambda": {
      "version": "8.10.102",
      "resolved": "https://registry.npmjs.org/@types/aws-lambda/-/aws-lambda-8.10.102.tgz",
      "integrity": "sha512-BT05v46n9KtSHa9SgGuOvm49eSruJ9utD8iNXpdpuUVYk8wOcqmm1LEzpNRkrXxD0CULc38sdLpk6q3Wa2WOwg==",
      "dev": true
    },
    "node_modules/graphql": {
      "version": "16.14.2",
      "resolved": "https://registry.npmjs.org/graphql/-/graphql-16.14.2.tgz",
      "integrity": "sha512-Chq1s4CY7jmh8gO2qvLIJyfCDIN+EHLFW/9iShnp1z8FjBQMoodWP1kDC36VAMXXIvAjj4ARa7ntfAV2BrjsbA==",
      "dev": true,
      "license": "MIT",
      "engines": {
        "node": "^12.22.0 || ^14.16.0 || ^16.0.0 || >=17.0.0"
      }
    },
    "node_modules/serverless": {
      "version": "4.43.0",
      "resolved": "https://registry.npmjs.org/serverless/-/serverless-4.43.0.tgz",
      "integrity": "sha512-ukk3LARQ89Cn2phMyIrwabfy3rx3IoENWKvDY3Cyj4tGJOMv9XAkxgnx8n71jDaG+ijOxBXyPBL72jTkPPju0w==",
      "dev": true,
      "hasInstallScript": true,
      "dependencies": {
        "undici": "6.28.1"
      },
      "bin": {
        "serverless": "run.js",
        "sls": "run.js"
      },
      "engines": {
        "node": ">=18.17.0"
      }
    },
    "node_modules/typescript": {
      "version": "5.9.3",
      "resolved": "https://registry.npmjs.org/typescript/-/typescript-5.9.3.tgz",
      "integrity": "sha512-jl1vZzPDinLr9eUt3J/t7V6FgNEw9QjvBPdysz9KfQDD41fQrC2Y4vKQdiaUpFT4bXlb1RHhLpp8wtm6M5TgSw==",
      "dev": true,
      "license": "Apache-2.0",
      "bin": {
        "tsc": "bin/tsc",
        "tsserver": "bin/tsserver"
      },
      "engines": {
        "node": ">=14.17"
      }
    },
    "node_modules/undici": {
      "version": "6.28.1",
      "resolved": "https://registry.npmjs.org/undici/-/undici-6.28.1.tgz",
      "integrity": "sha512-zWpdTVD54H48CIybL0rWQ3ukpb9d23wM7eH5RtfdmeP70cWHNjtfo7P4vZX+5CoDcO53J4Pu5uXp7lNfjc6DRA==",
      "dev": true,
      "license": "MIT",
      "engines": {
        "node": ">=18.17"
      }
    }
  },
  "dependencies": {
    "@types/aws-lambda": {
      "version": "8.10.102",
      "resolved": "https://registry.npmjs.org/@types/aws-lambda/-/aws-lambda-8.10.102.tgz",
      "integrity": "sha512-BT05v46n9KtSHa9SgGuOvm49eSruJ9utD8iNXpdpuUVYk8wOcqmm1LEzpNRkrXxD0CULc38sdLpk6q3Wa2WOwg==",
      "dev": true
    },
    "graphql": {
      "version": "16.14.2",
      "resolved": "https://registry.npmjs.org/graphql/-/graphql-16.14.2.tgz",
      "integrity": "sha512-Chq1s4CY7jmh8gO2qvLIJyfCDIN+EHLFW/9iShnp1z8FjBQMoodWP1kDC36VAMXXIvAjj4ARa7ntfAV2BrjsbA==",
      "dev": true
    },
    "serverless": {
      "version": "4.43.0",
      "resolved": "https://registry.npmjs.org/serverless/-/serverless-4.43.0.tgz",
      "integrity": "sha512-ukk3LARQ89Cn2phMyIrwabfy3rx3IoENWKvDY3Cyj4tGJOMv9XAkxgnx8n71jDaG+ijOxBXyPBL72jTkPPju0w==",
      "dev": true,
      "requires": {
        "undici": "6.28.1"
      }
    },
    "typescript": {
      "version": "5.9.3",
      "resolved": "https://registry.npmjs.org/typescript/-/typescript-5.9.3.tgz",
      "integrity": "sha512-jl1vZzPDinLr9eUt3J/t7V6FgNEw9QjvBPdysz9KfQDD41fQrC2Y4vKQdiaUpFT4bXlb1RHhLpp8wtm6M5TgSw==",
      "dev": true
    },
    "undici": {
      "version": "6.28.1",
      "resolved": "https://registry.npmjs.org/undici/-/undici-6.28.1.tgz",
      "integrity": "sha512-zWpdTVD54H48CIybL0rWQ3ukpb9d23wM7eH5RtfdmeP70cWHNjtfo7P4vZX+5CoDcO53J4Pu5uXp7lNfjc6DRA==",
      "dev": true
    }
  }
}
